
Microsoft Visual Studio Solution File, Format Version 12.00
# Visual Studio Version 16
VisualStudioVersion = 16.0.31729.503
MinimumVisualStudioVersion = 10.0.40219.1
Project("{FAE04EC0-301F-11D3-BF4B-00C04F79EFBC}") = "Ex proposto 1", "Ex proposto 1\Ex proposto 1.csproj", "{DA6A8C7E-E97C-41EC-8D05-54CC232E7500}"
EndProject
Global
	GlobalSection(SolutionConfigurationPlatforms) = preSolution
		Debug|Any CPU = Debug|Any CPU
		Release|Any CPU = Release|Any CPU
	EndGlobalSection
	GlobalSection(ProjectConfigurationPlatforms) = postSolution
		{DA6A8C7E-E97C-41EC-8D05-54CC232E7500}.Debug|Any CPU.ActiveCfg = Debug|Any CPU
		{DA6A8C7E-E97C-41EC-8D05-54CC232E7500}.Debug|Any CPU.Build.0 = Debug|Any CPU
		{DA6A8C7E-E97C-41EC-8D05-54CC232E7500}.Release|Any CPU.ActiveCfg = Release|Any CPU
		{DA6A8C7E-E97C-41EC-8D05-54CC232E7500}.Release|Any CPU.Build.0 = Release|Any CPU
	EndGlobalSection
	GlobalSection(SolutionProperties) = preSolution
		HideSolutionNode = FALSE
	EndGlobalSection
	GlobalSection(ExtensibilityGlobals) = postSolution
		SolutionGuid = {C2F9964B-446B-43A3-81B4-18CA606F0890}
	EndGlobalSection
EndGlobal
