
Microsoft Visual Studio Solution File, Format Version 12.00
# Visual Studio Version 16
VisualStudioVersion = 16.0.31911.196
MinimumVisualStudioVersion = 10.0.40219.1
Project("{FAE04EC0-301F-11D3-BF4B-00C04F79EFBC}") = "ex resolvido 5", "ex resolvido 5\ex resolvido 5.csproj", "{0FEFAEC0-07AA-4EA1-AC05-61FDF6ECEBFF}"
EndProject
Global
	GlobalSection(SolutionConfigurationPlatforms) = preSolution
		Debug|Any CPU = Debug|Any CPU
		Release|Any CPU = Release|Any CPU
	EndGlobalSection
	GlobalSection(ProjectConfigurationPlatforms) = postSolution
		{0FEFAEC0-07AA-4EA1-AC05-61FDF6ECEBFF}.Debug|Any CPU.ActiveCfg = Debug|Any CPU
		{0FEFAEC0-07AA-4EA1-AC05-61FDF6ECEBFF}.Debug|Any CPU.Build.0 = Debug|Any CPU
		{0FEFAEC0-07AA-4EA1-AC05-61FDF6ECEBFF}.Release|Any CPU.ActiveCfg = Release|Any CPU
		{0FEFAEC0-07AA-4EA1-AC05-61FDF6ECEBFF}.Release|Any CPU.Build.0 = Release|Any CPU
	EndGlobalSection
	GlobalSection(SolutionProperties) = preSolution
		HideSolutionNode = FALSE
	EndGlobalSection
	GlobalSection(ExtensibilityGlobals) = postSolution
		SolutionGuid = {3C3A4667-DD47-4BCC-855E-EC9000A04BB9}
	EndGlobalSection
EndGlobal
