
Microsoft Visual Studio Solution File, Format Version 12.00
# Visual Studio Version 16
VisualStudioVersion = 16.0.31911.196
MinimumVisualStudioVersion = 10.0.40219.1
Project("{FAE04EC0-301F-11D3-BF4B-00C04F79EFBC}") = "ex resolvido 1", "ex resolvido 1\ex resolvido 1.csproj", "{4CB16AA8-F810-4B92-9147-879E4603DAEC}"
EndProject
Global
	GlobalSection(SolutionConfigurationPlatforms) = preSolution
		Debug|Any CPU = Debug|Any CPU
		Release|Any CPU = Release|Any CPU
	EndGlobalSection
	GlobalSection(ProjectConfigurationPlatforms) = postSolution
		{4CB16AA8-F810-4B92-9147-879E4603DAEC}.Debug|Any CPU.ActiveCfg = Debug|Any CPU
		{4CB16AA8-F810-4B92-9147-879E4603DAEC}.Debug|Any CPU.Build.0 = Debug|Any CPU
		{4CB16AA8-F810-4B92-9147-879E4603DAEC}.Release|Any CPU.ActiveCfg = Release|Any CPU
		{4CB16AA8-F810-4B92-9147-879E4603DAEC}.Release|Any CPU.Build.0 = Release|Any CPU
	EndGlobalSection
	GlobalSection(SolutionProperties) = preSolution
		HideSolutionNode = FALSE
	EndGlobalSection
	GlobalSection(ExtensibilityGlobals) = postSolution
		SolutionGuid = {E321115F-3AE0-4D92-B140-40580CD2F0FF}
	EndGlobalSection
EndGlobal
