
Microsoft Visual Studio Solution File, Format Version 12.00
# Visual Studio Version 16
VisualStudioVersion = 16.0.31702.278
MinimumVisualStudioVersion = 10.0.40219.1
Project("{9A19103F-16F7-4668-BE54-9A1E7A4F7556}") = "Estruturas repetitivas", "Estruturas repetitivas\Estruturas repetitivas.csproj", "{2D123CCB-ADE4-4664-8079-C81CEBF4DC8D}"
EndProject
Project("{9A19103F-16F7-4668-BE54-9A1E7A4F7556}") = "URI 1113", "URI 1113\URI 1113.csproj", "{25B1672C-0E77-4863-87AA-0464EB707858}"
EndProject
Project("{9A19103F-16F7-4668-BE54-9A1E7A4F7556}") = "Ex resolvido - While", "Ex resolvido - While\Ex resolvido - While.csproj", "{5D38EBD5-83A1-4E43-A30B-0D80BBBC36C1}"
EndProject
Project("{9A19103F-16F7-4668-BE54-9A1E7A4F7556}") = "Ex URI", "Ex URI\Ex URI.csproj", "{6D33E296-3C45-4B51-9391-6133CBFDB26C}"
EndProject
Project("{9A19103F-16F7-4668-BE54-9A1E7A4F7556}") = "Estrutura Para", "Estrutura Para\Estrutura Para.csproj", "{014323C4-056D-44E0-B630-D310DAEE28B0}"
EndProject
Project("{9A19103F-16F7-4668-BE54-9A1E7A4F7556}") = "URI 1078", "URI 1078\URI 1078.csproj", "{614B61B2-3330-45FA-9822-5ED0203578E5}"
EndProject
Project("{9A19103F-16F7-4668-BE54-9A1E7A4F7556}") = "URI 1071", "URI 1071\URI 1071.csproj", "{4ABB3F06-26BC-4B2D-A049-34A1ECF04132}"
EndProject
Project("{FAE04EC0-301F-11D3-BF4B-00C04F79EFBC}") = "Estrutura repetitiva faça-enquanto", "Estrutura repetitiva faça-enquanto\Estrutura repetitiva faça-enquanto.csproj", "{7D974B34-BEB4-4864-8205-D77640C06646}"
EndProject
Project("{FAE04EC0-301F-11D3-BF4B-00C04F79EFBC}") = "URI 1067", "URI 1067\URI 1067.csproj", "{F8DB6EB8-08FA-4162-8BF5-20FEF718629B}"
EndProject
Project("{FAE04EC0-301F-11D3-BF4B-00C04F79EFBC}") = "URI 1072", "URI 1072\URI 1072.csproj", "{82640E2E-5517-4B1A-A0C8-3798C69D258C}"
EndProject
Project("{FAE04EC0-301F-11D3-BF4B-00C04F79EFBC}") = "URI 1073", "URI 1073\URI 1073.csproj", "{B687B721-BF25-4299-8EFC-8438DA4D7281}"
EndProject
Project("{FAE04EC0-301F-11D3-BF4B-00C04F79EFBC}") = "URI 1074", "URI 1074\URI 1074.csproj", "{989DA110-DB71-4501-A89D-2FAE1FE9F9BB}"
EndProject
Project("{FAE04EC0-301F-11D3-BF4B-00C04F79EFBC}") = "URI 1075", "URI 1075\URI 1075.csproj", "{3B51E276-BF42-4F1B-8830-672928B87591}"
EndProject
Project("{FAE04EC0-301F-11D3-BF4B-00C04F79EFBC}") = "URI 1079", "URI 1079\URI 1079.csproj", "{27F70309-3356-4742-B671-0B3DF23F868C}"
EndProject
Project("{FAE04EC0-301F-11D3-BF4B-00C04F79EFBC}") = "URI 1080", "URI 1080\URI 1080.csproj", "{79F70F70-62D2-4A03-BC5C-83AB84FFDBFC}"
EndProject
Project("{FAE04EC0-301F-11D3-BF4B-00C04F79EFBC}") = "URI 1157", "URI 1157\URI 1157.csproj", "{FC93EA4E-231F-4CDA-BCDE-7C49E96C37D1}"
EndProject
Project("{FAE04EC0-301F-11D3-BF4B-00C04F79EFBC}") = "URI 1099", "URI 1099\URI 1099.csproj", "{A2B8B259-815C-4ABE-84CE-DA3CF9E98BD5}"
EndProject
Global
	GlobalSection(SolutionConfigurationPlatforms) = preSolution
		Debug|Any CPU = Debug|Any CPU
		Release|Any CPU = Release|Any CPU
	EndGlobalSection
	GlobalSection(ProjectConfigurationPlatforms) = postSolution
		{2D123CCB-ADE4-4664-8079-C81CEBF4DC8D}.Debug|Any CPU.ActiveCfg = Debug|Any CPU
		{2D123CCB-ADE4-4664-8079-C81CEBF4DC8D}.Debug|Any CPU.Build.0 = Debug|Any CPU
		{2D123CCB-ADE4-4664-8079-C81CEBF4DC8D}.Release|Any CPU.ActiveCfg = Release|Any CPU
		{2D123CCB-ADE4-4664-8079-C81CEBF4DC8D}.Release|Any CPU.Build.0 = Release|Any CPU
		{25B1672C-0E77-4863-87AA-0464EB707858}.Debug|Any CPU.ActiveCfg = Debug|Any CPU
		{25B1672C-0E77-4863-87AA-0464EB707858}.Debug|Any CPU.Build.0 = Debug|Any CPU
		{25B1672C-0E77-4863-87AA-0464EB707858}.Release|Any CPU.ActiveCfg = Release|Any CPU
		{25B1672C-0E77-4863-87AA-0464EB707858}.Release|Any CPU.Build.0 = Release|Any CPU
		{5D38EBD5-83A1-4E43-A30B-0D80BBBC36C1}.Debug|Any CPU.ActiveCfg = Debug|Any CPU
		{5D38EBD5-83A1-4E43-A30B-0D80BBBC36C1}.Debug|Any CPU.Build.0 = Debug|Any CPU
		{5D38EBD5-83A1-4E43-A30B-0D80BBBC36C1}.Release|Any CPU.ActiveCfg = Release|Any CPU
		{5D38EBD5-83A1-4E43-A30B-0D80BBBC36C1}.Release|Any CPU.Build.0 = Release|Any CPU
		{6D33E296-3C45-4B51-9391-6133CBFDB26C}.Debug|Any CPU.ActiveCfg = Debug|Any CPU
		{6D33E296-3C45-4B51-9391-6133CBFDB26C}.Debug|Any CPU.Build.0 = Debug|Any CPU
		{6D33E296-3C45-4B51-9391-6133CBFDB26C}.Release|Any CPU.ActiveCfg = Release|Any CPU
		{6D33E296-3C45-4B51-9391-6133CBFDB26C}.Release|Any CPU.Build.0 = Release|Any CPU
		{014323C4-056D-44E0-B630-D310DAEE28B0}.Debug|Any CPU.ActiveCfg = Debug|Any CPU
		{014323C4-056D-44E0-B630-D310DAEE28B0}.Debug|Any CPU.Build.0 = Debug|Any CPU
		{014323C4-056D-44E0-B630-D310DAEE28B0}.Release|Any CPU.ActiveCfg = Release|Any CPU
		{014323C4-056D-44E0-B630-D310DAEE28B0}.Release|Any CPU.Build.0 = Release|Any CPU
		{614B61B2-3330-45FA-9822-5ED0203578E5}.Debug|Any CPU.ActiveCfg = Debug|Any CPU
		{614B61B2-3330-45FA-9822-5ED0203578E5}.Debug|Any CPU.Build.0 = Debug|Any CPU
		{614B61B2-3330-45FA-9822-5ED0203578E5}.Release|Any CPU.ActiveCfg = Release|Any CPU
		{614B61B2-3330-45FA-9822-5ED0203578E5}.Release|Any CPU.Build.0 = Release|Any CPU
		{4ABB3F06-26BC-4B2D-A049-34A1ECF04132}.Debug|Any CPU.ActiveCfg = Debug|Any CPU
		{4ABB3F06-26BC-4B2D-A049-34A1ECF04132}.Debug|Any CPU.Build.0 = Debug|Any CPU
		{4ABB3F06-26BC-4B2D-A049-34A1ECF04132}.Release|Any CPU.ActiveCfg = Release|Any CPU
		{4ABB3F06-26BC-4B2D-A049-34A1ECF04132}.Release|Any CPU.Build.0 = Release|Any CPU
		{7D974B34-BEB4-4864-8205-D77640C06646}.Debug|Any CPU.ActiveCfg = Debug|Any CPU
		{7D974B34-BEB4-4864-8205-D77640C06646}.Debug|Any CPU.Build.0 = Debug|Any CPU
		{7D974B34-BEB4-4864-8205-D77640C06646}.Release|Any CPU.ActiveCfg = Release|Any CPU
		{7D974B34-BEB4-4864-8205-D77640C06646}.Release|Any CPU.Build.0 = Release|Any CPU
		{F8DB6EB8-08FA-4162-8BF5-20FEF718629B}.Debug|Any CPU.ActiveCfg = Debug|Any CPU
		{F8DB6EB8-08FA-4162-8BF5-20FEF718629B}.Debug|Any CPU.Build.0 = Debug|Any CPU
		{F8DB6EB8-08FA-4162-8BF5-20FEF718629B}.Release|Any CPU.ActiveCfg = Release|Any CPU
		{F8DB6EB8-08FA-4162-8BF5-20FEF718629B}.Release|Any CPU.Build.0 = Release|Any CPU
		{82640E2E-5517-4B1A-A0C8-3798C69D258C}.Debug|Any CPU.ActiveCfg = Debug|Any CPU
		{82640E2E-5517-4B1A-A0C8-3798C69D258C}.Debug|Any CPU.Build.0 = Debug|Any CPU
		{82640E2E-5517-4B1A-A0C8-3798C69D258C}.Release|Any CPU.ActiveCfg = Release|Any CPU
		{82640E2E-5517-4B1A-A0C8-3798C69D258C}.Release|Any CPU.Build.0 = Release|Any CPU
		{B687B721-BF25-4299-8EFC-8438DA4D7281}.Debug|Any CPU.ActiveCfg = Debug|Any CPU
		{B687B721-BF25-4299-8EFC-8438DA4D7281}.Debug|Any CPU.Build.0 = Debug|Any CPU
		{B687B721-BF25-4299-8EFC-8438DA4D7281}.Release|Any CPU.ActiveCfg = Release|Any CPU
		{B687B721-BF25-4299-8EFC-8438DA4D7281}.Release|Any CPU.Build.0 = Release|Any CPU
		{989DA110-DB71-4501-A89D-2FAE1FE9F9BB}.Debug|Any CPU.ActiveCfg = Debug|Any CPU
		{989DA110-DB71-4501-A89D-2FAE1FE9F9BB}.Debug|Any CPU.Build.0 = Debug|Any CPU
		{989DA110-DB71-4501-A89D-2FAE1FE9F9BB}.Release|Any CPU.ActiveCfg = Release|Any CPU
		{989DA110-DB71-4501-A89D-2FAE1FE9F9BB}.Release|Any CPU.Build.0 = Release|Any CPU
		{3B51E276-BF42-4F1B-8830-672928B87591}.Debug|Any CPU.ActiveCfg = Debug|Any CPU
		{3B51E276-BF42-4F1B-8830-672928B87591}.Debug|Any CPU.Build.0 = Debug|Any CPU
		{3B51E276-BF42-4F1B-8830-672928B87591}.Release|Any CPU.ActiveCfg = Release|Any CPU
		{3B51E276-BF42-4F1B-8830-672928B87591}.Release|Any CPU.Build.0 = Release|Any CPU
		{27F70309-3356-4742-B671-0B3DF23F868C}.Debug|Any CPU.ActiveCfg = Debug|Any CPU
		{27F70309-3356-4742-B671-0B3DF23F868C}.Debug|Any CPU.Build.0 = Debug|Any CPU
		{27F70309-3356-4742-B671-0B3DF23F868C}.Release|Any CPU.ActiveCfg = Release|Any CPU
		{27F70309-3356-4742-B671-0B3DF23F868C}.Release|Any CPU.Build.0 = Release|Any CPU
		{79F70F70-62D2-4A03-BC5C-83AB84FFDBFC}.Debug|Any CPU.ActiveCfg = Debug|Any CPU
		{79F70F70-62D2-4A03-BC5C-83AB84FFDBFC}.Debug|Any CPU.Build.0 = Debug|Any CPU
		{79F70F70-62D2-4A03-BC5C-83AB84FFDBFC}.Release|Any CPU.ActiveCfg = Release|Any CPU
		{79F70F70-62D2-4A03-BC5C-83AB84FFDBFC}.Release|Any CPU.Build.0 = Release|Any CPU
		{FC93EA4E-231F-4CDA-BCDE-7C49E96C37D1}.Debug|Any CPU.ActiveCfg = Debug|Any CPU
		{FC93EA4E-231F-4CDA-BCDE-7C49E96C37D1}.Debug|Any CPU.Build.0 = Debug|Any CPU
		{FC93EA4E-231F-4CDA-BCDE-7C49E96C37D1}.Release|Any CPU.ActiveCfg = Release|Any CPU
		{FC93EA4E-231F-4CDA-BCDE-7C49E96C37D1}.Release|Any CPU.Build.0 = Release|Any CPU
		{A2B8B259-815C-4ABE-84CE-DA3CF9E98BD5}.Debug|Any CPU.ActiveCfg = Debug|Any CPU
		{A2B8B259-815C-4ABE-84CE-DA3CF9E98BD5}.Debug|Any CPU.Build.0 = Debug|Any CPU
		{A2B8B259-815C-4ABE-84CE-DA3CF9E98BD5}.Release|Any CPU.ActiveCfg = Release|Any CPU
		{A2B8B259-815C-4ABE-84CE-DA3CF9E98BD5}.Release|Any CPU.Build.0 = Release|Any CPU
	EndGlobalSection
	GlobalSection(SolutionProperties) = preSolution
		HideSolutionNode = FALSE
	EndGlobalSection
	GlobalSection(ExtensibilityGlobals) = postSolution
		SolutionGuid = {32BE1160-4BC8-47F4-B6E3-33CD5772C226}
	EndGlobalSection
EndGlobal
